// !$*UTF8*$!
{
	archiveVersion = 1;
	classes = {
	};
	objectVersion = 50;
	objects = {

/* Begin PBXBuildFile section */
		860C373523DC93C900E97DDE /* AppDelegate.swift in Sources */ = {isa = PBXBuildFile; fileRef = 860C373423DC93C900E97DDE /* AppDelegate.swift */; };
		860C373723DC93C900E97DDE /* SceneDelegate.swift in Sources */ = {isa = PBXBuildFile; fileRef = 860C373623DC93C900E97DDE /* SceneDelegate.swift */; };
		860C373923DC93C900E97DDE /* ContentView.swift in Sources */ = {isa = PBXBuildFile; fileRef = 860C373823DC93C900E97DDE /* ContentView.swift */; };
		860C373B23DC93CD00E97DDE /* Assets.xcassets in Resources */ = {isa = PBXBuildFile; fileRef = 860C373A23DC93CD00E97DDE /* Assets.xcassets */; };
		860C373E23DC93CD00E97DDE /* Preview Assets.xcassets in Resources */ = {isa = PBXBuildFile; fileRef = 860C373D23DC93CD00E97DDE /* Preview Assets.xcassets */; };
		860C374123DC93CD00E97DDE /* LaunchScreen.storyboard in Resources */ = {isa = PBXBuildFile; fileRef = 860C373F23DC93CD00E97DDE /* LaunchScreen.storyboard */; };
		860C374C23DC93CD00E97DDE /* KotlinIOSTests.swift in Sources */ = {isa = PBXBuildFile; fileRef = 860C374B23DC93CD00E97DDE /* KotlinIOSTests.swift */; };
		860C375723DC93CD00E97DDE /* KotlinIOSUITests.swift in Sources */ = {isa = PBXBuildFile; fileRef = 860C375623DC93CD00E97DDE /* KotlinIOSUITests.swift */; };
/* End PBXBuildFile section */

/* Begin PBXContainerItemProxy section */
		860C374823DC93CD00E97DDE /* PBXContainerItemProxy */ = {
			isa = PBXContainerItemProxy;
			containerPortal = 860C372923DC93C900E97DDE /* Project object */;
			proxyType = 1;
			remoteGlobalIDString = 860C373023DC93C900E97DDE;
			remoteInfo = KotlinIOS;
		};
		860C375323DC93CD00E97DDE /* PBXContainerItemProxy */ = {
			isa = PBXContainerItemProxy;
			containerPortal = 860C372923DC93C900E97DDE /* Project object */;
			proxyType = 1;
			remoteGlobalIDString = 860C373023DC93C900E97DDE;
			remoteInfo = KotlinIOS;
		};
/* End PBXContainerItemProxy section */

/* Begin PBXFileReference section */
		860C373123DC93C900E97DDE /* KotlinIOS.app */ = {isa = PBXFileReference; explicitFileType = wrapper.application; includeInIndex = 0; path = KotlinIOS.app; sourceTree = BUILT_PRODUCTS_DIR; };
		860C373423DC93C900E97DDE /* AppDelegate.swift */ = {isa = PBXFileReference; lastKnownFileType = sourcecode.swift; path = AppDelegate.swift; sourceTree = "<group>"; };
		860C373623DC93C900E97DDE /* SceneDelegate.swift */ = {isa = PBXFileReference; lastKnownFileType = sourcecode.swift; path = SceneDelegate.swift; sourceTree = "<group>"; };
		860C373823DC93C900E97DDE /* ContentView.swift */ = {isa = PBXFileReference; lastKnownFileType = sourcecode.swift; path = ContentView.swift; sourceTree = "<group>"; };
		860C373A23DC93CD00E97DDE /* Assets.xcassets */ = {isa = PBXFileReference; lastKnownFileType = folder.assetcatalog; path = Assets.xcassets; sourceTree = "<group>"; };
		860C373D23DC93CD00E97DDE /* Preview Assets.xcassets */ = {isa = PBXFileReference; lastKnownFileType = folder.assetcatalog; path = "Preview Assets.xcassets"; sourceTree = "<group>"; };
		860C374023DC93CD00E97DDE /* Base */ = {isa = PBXFileReference; lastKnownFileType = file.storyboard; name = Base; path = Base.lproj/LaunchScreen.storyboard; sourceTree = "<group>"; };
		860C374223DC93CD00E97DDE /* Info.plist */ = {isa = PBXFileReference; lastKnownFileType = text.plist.xml; path = Info.plist; sourceTree = "<group>"; };
		860C374723DC93CD00E97DDE /* KotlinIOSTests.xctest */ = {isa = PBXFileReference; explicitFileType = wrapper.cfbundle; includeInIndex = 0; path = KotlinIOSTests.xctest; sourceTree = BUILT_PRODUCTS_DIR; };
		860C374B23DC93CD00E97DDE /* KotlinIOSTests.swift */ = {isa = PBXFileReference; lastKnownFileType = sourcecode.swift; path = KotlinIOSTests.swift; sourceTree = "<group>"; };
		860C374D23DC93CD00E97DDE /* Info.plist */ = {isa = PBXFileReference; lastKnownFileType = text.plist.xml; path = Info.plist; sourceTree = "<group>"; };
		860C375223DC93CD00E97DDE /* KotlinIOSUITests.xctest */ = {isa = PBXFileReference; explicitFileType = wrapper.cfbundle; includeInIndex = 0; path = KotlinIOSUITests.xctest; sourceTree = BUILT_PRODUCTS_DIR; };
		860C375623DC93CD00E97DDE /* KotlinIOSUITests.swift */ = {isa = PBXFileReference; lastKnownFileType = sourcecode.swift; path = KotlinIOSUITests.swift; sourceTree = "<group>"; };
		860C375823DC93CD00E97DDE /* Info.plist */ = {isa = PBXFileReference; lastKnownFileType = text.plist.xml; path = Info.plist; sourceTree = "<group>"; };
/* End PBXFileReference section */

/* Begin PBXFrameworksBuildPhase section */
		860C372E23DC93C900E97DDE /* Frameworks */ = {
			isa = PBXFrameworksBuildPhase;
			buildActionMask = 2147483647;
			files = (
			);
			runOnlyForDeploymentPostprocessing = 0;
		};
		860C374423DC93CD00E97DDE /* Frameworks */ = {
			isa = PBXFrameworksBuildPhase;
			buildActionMask = 2147483647;
			files = (
			);
			runOnlyForDeploymentPostprocessing = 0;
		};
		860C374F23DC93CD00E97DDE /* Frameworks */ = {
			isa = PBXFrameworksBuildPhase;
			buildActionMask = 2147483647;
			files = (
			);
			runOnlyForDeploymentPostprocessing = 0;
		};
/* End PBXFrameworksBuildPhase section */

/* Begin PBXGroup section */
		860C372823DC93C900E97DDE = {
			isa = PBXGroup;
			children = (
				860C373323DC93C900E97DDE /* KotlinIOS */,
				860C374A23DC93CD00E97DDE /* KotlinIOSTests */,
				860C375523DC93CD00E97DDE /* KotlinIOSUITests */,
				860C373223DC93C900E97DDE /* Products */,
			);
			sourceTree = "<group>";
		};
		860C373223DC93C900E97DDE /* Products */ = {
			isa = PBXGroup;
			children = (
				860C373123DC93C900E97DDE /* KotlinIOS.app */,
				860C374723DC93CD00E97DDE /* KotlinIOSTests.xctest */,
				860C375223DC93CD00E97DDE /* KotlinIOSUITests.xctest */,
			);
			name = Products;
			sourceTree = "<group>";
		};
		860C373323DC93C900E97DDE /* KotlinIOS */ = {
			isa = PBXGroup;
			children = (
				860C373423DC93C900E97DDE /* AppDelegate.swift */,
				860C373623DC93C900E97DDE /* SceneDelegate.swift */,
				860C373823DC93C900E97DDE /* ContentView.swift */,
				860C373A23DC93CD00E97DDE /* Assets.xcassets */,
				860C373F23DC93CD00E97DDE /* LaunchScreen.storyboard */,
				860C374223DC93CD00E97DDE /* Info.plist */,
				860C373C23DC93CD00E97DDE /* Preview Content */,
			);
			path = KotlinIOS;
			sourceTree = "<group>";
		};
		860C373C23DC93CD00E97DDE /* Preview Content */ = {
			isa = PBXGroup;
			children = (
				860C373D23DC93CD00E97DDE /* Preview Assets.xcassets */,
			);
			path = "Preview Content";
			sourceTree = "<group>";
		};
		860C374A23DC93CD00E97DDE /* KotlinIOSTests */ = {
			isa = PBXGroup;
			children = (
				860C374B23DC93CD00E97DDE /* KotlinIOSTests.swift */,
				860C374D23DC93CD00E97DDE /* Info.plist */,
			);
			path = KotlinIOSTests;
			sourceTree = "<group>";
		};
		860C375523DC93CD00E97DDE /* KotlinIOSUITests */ = {
			isa = PBXGroup;
			children = (
				860C375623DC93CD00E97DDE /* KotlinIOSUITests.swift */,
				860C375823DC93CD00E97DDE /* Info.plist */,
			);
			path = KotlinIOSUITests;
			sourceTree = "<group>";
		};
/* End PBXGroup section */

/* Begin PBXNativeTarget section */
		860C373023DC93C900E97DDE /* KotlinIOS */ = {
			isa = PBXNativeTarget;
			buildConfigurationList = 860C375B23DC93CD00E97DDE /* Build configuration list for PBXNativeTarget "KotlinIOS" */;
			buildPhases = (
				860C372D23DC93C900E97DDE /* Sources */,
				860C372E23DC93C900E97DDE /* Frameworks */,
				860C372F23DC93C900E97DDE /* Resources */,
			);
			buildRules = (
			);
			dependencies = (
			);
			name = KotlinIOS;
			productName = KotlinIOS;
			productReference = 860C373123DC93C900E97DDE /* KotlinIOS.app */;
			productType = "com.apple.product-type.application";
		};
		860C374623DC93CD00E97DDE /* KotlinIOSTests */ = {
			isa = PBXNativeTarget;
			buildConfigurationList = 860C375E23DC93CD00E97DDE /* Build configuration list for PBXNativeTarget "KotlinIOSTests" */;
			buildPhases = (
				860C374323DC93CD00E97DDE /* Sources */,
				860C374423DC93CD00E97DDE /* Frameworks */,
				860C374523DC93CD00E97DDE /* Resources */,
			);
			buildRules = (
			);
			dependencies = (
				860C374923DC93CD00E97DDE /* PBXTargetDependency */,
			);
			name = KotlinIOSTests;
			productName = KotlinIOSTests;
			productReference = 860C374723DC93CD00E97DDE /* KotlinIOSTests.xctest */;
			productType = "com.apple.product-type.bundle.unit-test";
		};
		860C375123DC93CD00E97DDE /* KotlinIOSUITests */ = {
			isa = PBXNativeTarget;
			buildConfigurationList = 860C376123DC93CD00E97DDE /* Build configuration list for PBXNativeTarget "KotlinIOSUITests" */;
			buildPhases = (
				860C374E23DC93CD00E97DDE /* Sources */,
				860C374F23DC93CD00E97DDE /* Frameworks */,
				860C375023DC93CD00E97DDE /* Resources */,
			);
			buildRules = (
			);
			dependencies = (
				860C375423DC93CD00E97DDE /* PBXTargetDependency */,
			);
			name = KotlinIOSUITests;
			productName = KotlinIOSUITests;
			productReference = 860C375223DC93CD00E97DDE /* KotlinIOSUITests.xctest */;
			productType = "com.apple.product-type.bundle.ui-testing";
		};
/* End PBXNativeTarget section */

/* Begin PBXProject section */
		860C372923DC93C900E97DDE /* Project object */ = {
			isa = PBXProject;
			attributes = {
				LastSwiftUpdateCheck = 1130;
				LastUpgradeCheck = 1130;
				ORGANIZATIONNAME = "Brian Oh";
				TargetAttributes = {
					860C373023DC93C900E97DDE = {
						CreatedOnToolsVersion = 11.3.1;
					};
					860C374623DC93CD00E97DDE = {
						CreatedOnToolsVersion = 11.3.1;
						TestTargetID = 860C373023DC93C900E97DDE;
					};
					860C375123DC93CD00E97DDE = {
						CreatedOnToolsVersion = 11.3.1;
						TestTargetID = 860C373023DC93C900E97DDE;
					};
				};
			};
			buildConfigurationList = 860C372C23DC93C900E97DDE /* Build configuration list for PBXProject "KotlinIOS" */;
			compatibilityVersion = "Xcode 9.3";
			developmentRegion = en;
			hasScannedForEncodings = 0;
			knownRegions = (
				en,
				Base,
			);
			mainGroup = 860C372823DC93C900E97DDE;
			productRefGroup = 860C373223DC93C900E97DDE /* Products */;
			projectDirPath = "";
			projectRoot = "";
			targets = (
				860C373023DC93C900E97DDE /* KotlinIOS */,
				860C374623DC93CD00E97DDE /* KotlinIOSTests */,
				860C375123DC93CD00E97DDE /* KotlinIOSUITests */,
			);
		};
/* End PBXProject section */

/* Begin PBXResourcesBuildPhase section */
		860C372F23DC93C900E97DDE /* Resources */ = {
			isa = PBXResourcesBuildPhase;
			buildActionMask = 2147483647;
			files = (
				860C374123DC93CD00E97DDE /* LaunchScreen.storyboard in Resources */,
				860C373E23DC93CD00E97DDE /* Preview Assets.xcassets in Resources */,
				860C373B23DC93CD00E97DDE /* Assets.xcassets in Resources */,
			);
			runOnlyForDeploymentPostprocessing = 0;
		};
		860C374523DC93CD00E97DDE /* Resources */ = {
			isa = PBXResourcesBuildPhase;
			buildActionMask = 2147483647;
			files = (
			);
			runOnlyForDeploymentPostprocessing = 0;
		};
		860C375023DC93CD00E97DDE /* Resources */ = {
			isa = PBXResourcesBuildPhase;
			buildActionMask = 2147483647;
			files = (
			);
			runOnlyForDeploymentPostprocessing = 0;
		};
/* End PBXResourcesBuildPhase section */

/* Begin PBXSourcesBuildPhase section */
		860C372D23DC93C900E97DDE /* Sources */ = {
			isa = PBXSourcesBuildPhase;
			buildActionMask = 2147483647;
			files = (
				860C373523DC93C900E97DDE /* AppDelegate.swift in Sources */,
				860C373723DC93C900E97DDE /* SceneDelegate.swift in Sources */,
				860C373923DC93C900E97DDE /* ContentView.swift in Sources */,
			);
			runOnlyForDeploymentPostprocessing = 0;
		};
		860C374323DC93CD00E97DDE /* Sources */ = {
			isa = PBXSourcesBuildPhase;
			buildActionMask = 2147483647;
			files = (
				860C374C23DC93CD00E97DDE /* KotlinIOSTests.swift in Sources */,
			);
			runOnlyForDeploymentPostprocessing = 0;
		};
		860C374E23DC93CD00E97DDE /* Sources */ = {
			isa = PBXSourcesBuildPhase;
			buildActionMask = 2147483647;
			files = (
				860C375723DC93CD00E97DDE /* KotlinIOSUITests.swift in Sources */,
			);
			runOnlyForDeploymentPostprocessing = 0;
		};
/* End PBXSourcesBuildPhase section */

/* Begin PBXTargetDependency section */
		860C374923DC93CD00E97DDE /* PBXTargetDependency */ = {
			isa = PBXTargetDependency;
			target = 860C373023DC93C900E97DDE /* KotlinIOS */;
			targetProxy = 860C374823DC93CD00E97DDE /* PBXContainerItemProxy */;
		};
		860C375423DC93CD00E97DDE /* PBXTargetDependency */ = {
			isa = PBXTargetDependency;
			target = 860C373023DC93C900E97DDE /* KotlinIOS */;
			targetProxy = 860C375323DC93CD00E97DDE /* PBXContainerItemProxy */;
		};
/* End PBXTargetDependency section */

/* Begin PBXVariantGroup section */
		860C373F23DC93CD00E97DDE /* LaunchScreen.storyboard */ = {
			isa = PBXVariantGroup;
			children = (
				860C374023DC93CD00E97DDE /* Base */,
			);
			name = LaunchScreen.storyboard;
			sourceTree = "<group>";
		};
/* End PBXVariantGroup section */

/* Begin XCBuildConfiguration section */
		860C375923DC93CD00E97DDE /* Debug */ = {
			isa = XCBuildConfiguration;
			buildSettings = {
				ALWAYS_SEARCH_USER_PATHS = NO;
				CLANG_ANALYZER_NONNULL = YES;
				CLANG_ANALYZER_NUMBER_OBJECT_CONVERSION = YES_AGGRESSIVE;
				CLANG_CXX_LANGUAGE_STANDARD = "gnu++14";
				CLANG_CXX_LIBRARY = "libc++";
				CLANG_ENABLE_MODULES = YES;
				CLANG_ENABLE_OBJC_ARC = YES;
				CLANG_ENABLE_OBJC_WEAK = YES;
				CLANG_WARN_BLOCK_CAPTURE_AUTORELEASING = YES;
				CLANG_WARN_BOOL_CONVERSION = YES;
				CLANG_WARN_COMMA = YES;
				CLANG_WARN_CONSTANT_CONVERSION = YES;
				CLANG_WARN_DEPRECATED_OBJC_IMPLEMENTATIONS = YES;
				CLANG_WARN_DIRECT_OBJC_ISA_USAGE = YES_ERROR;
				CLANG_WARN_DOCUMENTATION_COMMENTS = YES;
				CLANG_WARN_EMPTY_BODY = YES;
				CLANG_WARN_ENUM_CONVERSION = YES;
				CLANG_WARN_INFINITE_RECURSION = YES;
				CLANG_WARN_INT_CONVERSION = YES;
				CLANG_WARN_NON_LITERAL_NULL_CONVERSION = YES;
				CLANG_WARN_OBJC_IMPLICIT_RETAIN_SELF = YES;
				CLANG_WARN_OBJC_LITERAL_CONVERSION = YES;
				CLANG_WARN_OBJC_ROOT_CLASS = YES_ERROR;
				CLANG_WARN_RANGE_LOOP_ANALYSIS = YES;
				CLANG_WARN_STRICT_PROTOTYPES = YES;
				CLANG_WARN_SUSPICIOUS_MOVE = YES;
				CLANG_WARN_UNGUARDED_AVAILABILITY = YES_AGGRESSIVE;
				CLANG_WARN_UNREACHABLE_CODE = YES;
				CLANG_WARN__DUPLICATE_METHOD_MATCH = YES;
				COPY_PHASE_STRIP = NO;
				DEBUG_INFORMATION_FORMAT = dwarf;
				ENABLE_STRICT_OBJC_MSGSEND = YES;
				ENABLE_TESTABILITY = YES;
				GCC_C_LANGUAGE_STANDARD = gnu11;
				GCC_DYNAMIC_NO_PIC = NO;
				GCC_NO_COMMON_BLOCKS = YES;
				GCC_OPTIMIZATION_LEVEL = 0;
				GCC_PREPROCESSOR_DEFINITIONS = (
					"DEBUG=1",
					"$(inherited)",
				);
				GCC_WARN_64_TO_32_BIT_CONVERSION = YES;
				GCC_WARN_ABOUT_RETURN_TYPE = YES_ERROR;
				GCC_WARN_UNDECLARED_SELECTOR = YES;
				GCC_WARN_UNINITIALIZED_AUTOS = YES_AGGRESSIVE;
				GCC_WARN_UNUSED_FUNCTION = YES;
				GCC_WARN_UNUSED_VARIABLE = YES;
				IPHONEOS_DEPLOYMENT_TARGET = 13.2;
				MTL_ENABLE_DEBUG_INFO = INCLUDE_SOURCE;
				MTL_FAST_MATH = YES;
				ONLY_ACTIVE_ARCH = YES;
				SDKROOT = iphoneos;
				SWIFT_ACTIVE_COMPILATION_CONDITIONS = DEBUG;
				SWIFT_OPTIMIZATION_LEVEL = "-Onone";
			};
			name = Debug;
		};
		860C375A23DC93CD00E97DDE /* Release */ = {
			isa = XCBuildConfiguration;
			buildSettings = {
				ALWAYS_SEARCH_USER_PATHS = NO;
				CLANG_ANALYZER_NONNULL = YES;
				CLANG_ANALYZER_NUMBER_OBJECT_CONVERSION = YES_AGGRESSIVE;
				CLANG_CXX_LANGUAGE_STANDARD = "gnu++14";
				CLANG_CXX_LIBRARY = "libc++";
				CLANG_ENABLE_MODULES = YES;
				CLANG_ENABLE_OBJC_ARC = YES;
				CLANG_ENABLE_OBJC_WEAK = YES;
				CLANG_WARN_BLOCK_CAPTURE_AUTORELEASING = YES;
				CLANG_WARN_BOOL_CONVERSION = YES;
				CLANG_WARN_COMMA = YES;
				CLANG_WARN_CONSTANT_CONVERSION = YES;
				CLANG_WARN_DEPRECATED_OBJC_IMPLEMENTATIONS = YES;
				CLANG_WARN_DIRECT_OBJC_ISA_USAGE = YES_ERROR;
				CLANG_WARN_DOCUMENTATION_COMMENTS = YES;
				CLANG_WARN_EMPTY_BODY = YES;
				CLANG_WARN_ENUM_CONVERSION = YES;
				CLANG_WARN_INFINITE_RECURSION = YES;
				CLANG_WARN_INT_CONVERSION = YES;
				CLANG_WARN_NON_LITERAL_NULL_CONVERSION = YES;
				CLANG_WARN_OBJC_IMPLICIT_RETAIN_SELF = YES;
				CLANG_WARN_OBJC_LITERAL_CONVERSION = YES;
				CLANG_WARN_OBJC_ROOT_CLASS = YES_ERROR;
				CLANG_WARN_RANGE_LOOP_ANALYSIS = YES;
				CLANG_WARN_STRICT_PROTOTYPES = YES;
				CLANG_WARN_SUSPICIOUS_MOVE = YES;
				CLANG_WARN_UNGUARDED_AVAILABILITY = YES_AGGRESSIVE;
				CLANG_WARN_UNREACHABLE_CODE = YES;
				CLANG_WARN__DUPLICATE_METHOD_MATCH = YES;
				COPY_PHASE_STRIP = NO;
				DEBUG_INFORMATION_FORMAT = "dwarf-with-dsym";
				ENABLE_NS_ASSERTIONS = NO;
				ENABLE_STRICT_OBJC_MSGSEND = YES;
				GCC_C_LANGUAGE_STANDARD = gnu11;
				GCC_NO_COMMON_BLOCKS = YES;
				GCC_WARN_64_TO_32_BIT_CONVERSION = YES;
				GCC_WARN_ABOUT_RETURN_TYPE = YES_ERROR;
				GCC_WARN_UNDECLARED_SELECTOR = YES;
				GCC_WARN_UNINITIALIZED_AUTOS = YES_AGGRESSIVE;
				GCC_WARN_UNUSED_FUNCTION = YES;
				GCC_WARN_UNUSED_VARIABLE = YES;
				IPHONEOS_DEPLOYMENT_TARGET = 13.2;
				MTL_ENABLE_DEBUG_INFO = NO;
				MTL_FAST_MATH = YES;
				SDKROOT = iphoneos;
				SWIFT_COMPILATION_MODE = wholemodule;
				SWIFT_OPTIMIZATION_LEVEL = "-O";
				VALIDATE_PRODUCT = YES;
			};
			name = Release;
		};
		860C375C23DC93CD00E97DDE /* Debug */ = {
			isa = XCBuildConfiguration;
			buildSettings = {
				ASSETCATALOG_COMPILER_APPICON_NAME = AppIcon;
				CODE_SIGN_STYLE = Automatic;
				DEVELOPMENT_ASSET_PATHS = "\"KotlinIOS/Preview Content\"";
				ENABLE_PREVIEWS = YES;
				INFOPLIST_FILE = KotlinIOS/Info.plist;
				LD_RUNPATH_SEARCH_PATHS = (
					"$(inherited)",
					"@executable_path/Frameworks",
				);
				PRODUCT_BUNDLE_IDENTIFIER = com.jetbrains.handson.mpp.mobile.KotlinIOS;
				PRODUCT_NAME = "$(TARGET_NAME)";
				SWIFT_VERSION = 5.0;
				TARGETED_DEVICE_FAMILY = "1,2";
			};
			name = Debug;
		};
		860C375D23DC93CD00E97DDE /* Release */ = {
			isa = XCBuildConfiguration;
			buildSettings = {
				ASSETCATALOG_COMPILER_APPICON_NAME = AppIcon;
				CODE_SIGN_STYLE = Automatic;
				DEVELOPMENT_ASSET_PATHS = "\"KotlinIOS/Preview Content\"";
				ENABLE_PREVIEWS = YES;
				INFOPLIST_FILE = KotlinIOS/Info.plist;
				LD_RUNPATH_SEARCH_PATHS = (
					"$(inherited)",
					"@executable_path/Frameworks",
				);
				PRODUCT_BUNDLE_IDENTIFIER = com.jetbrains.handson.mpp.mobile.KotlinIOS;
				PRODUCT_NAME = "$(TARGET_NAME)";
				SWIFT_VERSION = 5.0;
				TARGETED_DEVICE_FAMILY = "1,2";
			};
			name = Release;
		};
		860C375F23DC93CD00E97DDE /* Debug */ = {
			isa = XCBuildConfiguration;
			buildSettings = {
				ALWAYS_EMBED_SWIFT_STANDARD_LIBRARIES = YES;
				BUNDLE_LOADER = "$(TEST_HOST)";
				CODE_SIGN_STYLE = Automatic;
				INFOPLIST_FILE = KotlinIOSTests/Info.plist;
				IPHONEOS_DEPLOYMENT_TARGET = 13.2;
				LD_RUNPATH_SEARCH_PATHS = (
					"$(inherited)",
					"@executable_path/Frameworks",
					"@loader_path/Frameworks",
				);
				PRODUCT_BUNDLE_IDENTIFIER = com.jetbrains.handson.mpp.mobile.KotlinIOSTests;
				PRODUCT_NAME = "$(TARGET_NAME)";
				SWIFT_VERSION = 5.0;
				TARGETED_DEVICE_FAMILY = "1,2";
				TEST_HOST = "$(BUILT_PRODUCTS_DIR)/KotlinIOS.app/KotlinIOS";
			};
			name = Debug;
		};
		860C376023DC93CD00E97DDE /* Release */ = {
			isa = XCBuildConfiguration;
			buildSettings = {
				ALWAYS_EMBED_SWIFT_STANDARD_LIBRARIES = YES;
				BUNDLE_LOADER = "$(TEST_HOST)";
				CODE_SIGN_STYLE = Automatic;
				INFOPLIST_FILE = KotlinIOSTests/Info.plist;
				IPHONEOS_DEPLOYMENT_TARGET = 13.2;
				LD_RUNPATH_SEARCH_PATHS = (
					"$(inherited)",
					"@executable_path/Frameworks",
					"@loader_path/Frameworks",
				);
				PRODUCT_BUNDLE_IDENTIFIER = com.jetbrains.handson.mpp.mobile.KotlinIOSTests;
				PRODUCT_NAME = "$(TARGET_NAME)";
				SWIFT_VERSION = 5.0;
				TARGETED_DEVICE_FAMILY = "1,2";
				TEST_HOST = "$(BUILT_PRODUCTS_DIR)/KotlinIOS.app/KotlinIOS";
			};
			name = Release;
		};
		860C376223DC93CD00E97DDE /* Debug */ = {
			isa = XCBuildConfiguration;
			buildSettings = {
				ALWAYS_EMBED_SWIFT_STANDARD_LIBRARIES = YES;
				CODE_SIGN_STYLE = Automatic;
				INFOPLIST_FILE = KotlinIOSUITests/Info.plist;
				LD_RUNPATH_SEARCH_PATHS = (
					"$(inherited)",
					"@executable_path/Frameworks",
					"@loader_path/Frameworks",
				);
				PRODUCT_BUNDLE_IDENTIFIER = com.jetbrains.handson.mpp.mobile.KotlinIOSUITests;
				PRODUCT_NAME = "$(TARGET_NAME)";
				SWIFT_VERSION = 5.0;
				TARGETED_DEVICE_FAMILY = "1,2";
				TEST_TARGET_NAME = KotlinIOS;
			};
			name = Debug;
		};
		860C376323DC93CD00E97DDE /* Release */ = {
			isa = XCBuildConfiguration;
			buildSettings = {
				ALWAYS_EMBED_SWIFT_STANDARD_LIBRARIES = YES;
				CODE_SIGN_STYLE = Automatic;
				INFOPLIST_FILE = KotlinIOSUITests/Info.plist;
				LD_RUNPATH_SEARCH_PATHS = (
					"$(inherited)",
					"@executable_path/Frameworks",
					"@loader_path/Frameworks",
				);
				PRODUCT_BUNDLE_IDENTIFIER = com.jetbrains.handson.mpp.mobile.KotlinIOSUITests;
				PRODUCT_NAME = "$(TARGET_NAME)";
				SWIFT_VERSION = 5.0;
				TARGETED_DEVICE_FAMILY = "1,2";
				TEST_TARGET_NAME = KotlinIOS;
			};
			name = Release;
		};
/* End XCBuildConfiguration section */

/* Begin XCConfigurationList section */
		860C372C23DC93C900E97DDE /* Build configuration list for PBXProject "KotlinIOS" */ = {
			isa = XCConfigurationList;
			buildConfigurations = (
				860C375923DC93CD00E97DDE /* Debug */,
				860C375A23DC93CD00E97DDE /* Release */,
			);
			defaultConfigurationIsVisible = 0;
			defaultConfigurationName = Release;
		};
		860C375B23DC93CD00E97DDE /* Build configuration list for PBXNativeTarget "KotlinIOS" */ = {
			isa = XCConfigurationList;
			buildConfigurations = (
				860C375C23DC93CD00E97DDE /* Debug */,
				860C375D23DC93CD00E97DDE /* Release */,
			);
			defaultConfigurationIsVisible = 0;
			defaultConfigurationName = Release;
		};
		860C375E23DC93CD00E97DDE /* Build configuration list for PBXNativeTarget "KotlinIOSTests" */ = {
			isa = XCConfigurationList;
			buildConfigurations = (
				860C375F23DC93CD00E97DDE /* Debug */,
				860C376023DC93CD00E97DDE /* Release */,
			);
			defaultConfigurationIsVisible = 0;
			defaultConfigurationName = Release;
		};
		860C376123DC93CD00E97DDE /* Build configuration list for PBXNativeTarget "KotlinIOSUITests" */ = {
			isa = XCConfigurationList;
			buildConfigurations = (
				860C376223DC93CD00E97DDE /* Debug */,
				860C376323DC93CD00E97DDE /* Release */,
			);
			defaultConfigurationIsVisible = 0;
			defaultConfigurationName = Release;
		};
/* End XCConfigurationList section */
	};
	rootObject = 860C372923DC93C900E97DDE /* Project object */;
}
